
Microsoft Visual Studio Solution File, Format Version 12.00
# Visual Studio 15
VisualStudioVersion = 15.0.27428.2015
MinimumVisualStudioVersion = 10.0.40219.1
Project("{FAE04EC0-301F-11D3-BF4B-00C04F79EFBC}") = "Visual_Instru2018", "Visual_Instru2018\Visual_Instru2018.csproj", "{3D8BABDC-D8B4-4017-A2D2-FA94ADA26610}"
EndProject
Global
	GlobalSection(SolutionConfigurationPlatforms) = preSolution
		Debug|Any CPU = Debug|Any CPU
		Release|Any CPU = Release|Any CPU
	EndGlobalSection
	GlobalSection(ProjectConfigurationPlatforms) = postSolution
		{3D8BABDC-D8B4-4017-A2D2-FA94ADA26610}.Debug|Any CPU.ActiveCfg = Debug|Any CPU
		{3D8BABDC-D8B4-4017-A2D2-FA94ADA26610}.Debug|Any CPU.Build.0 = Debug|Any CPU
		{3D8BABDC-D8B4-4017-A2D2-FA94ADA26610}.Release|Any CPU.ActiveCfg = Release|Any CPU
		{3D8BABDC-D8B4-4017-A2D2-FA94ADA26610}.Release|Any CPU.Build.0 = Release|Any CPU
	EndGlobalSection
	GlobalSection(SolutionProperties) = preSolution
		HideSolutionNode = FALSE
	EndGlobalSection
	GlobalSection(ExtensibilityGlobals) = postSolution
		SolutionGuid = {BDDC1F75-B776-4873-A045-D2B3F7557F4E}
	EndGlobalSection
EndGlobal
